# This file is automatically @generated by Cargo.
# It is not intended for manual editing.
version = 4

[[package]]
name = "gizmo-audit"
version = "0.1.0"

[[package]]
name = "gizmo-cli"
version = "0.1.0"
dependencies = [
 "gizmo-config",
]

[[package]]
name = "gizmo-config"
version = "0.1.0"

[[package]]
name = "gizmo-core"
version = "0.1.0"
